{
  "requires": true,
  "lockfileVersion": 1,
  "dependencies": {
    "fontsource-roboto": {
      "version": "2.2.6",
      "resolved": "https://registry.npmjs.org/fontsource-roboto/-/fontsource-roboto-2.2.6.tgz",
      "integrity": "sha512-QY6T0fMRfqPnljpSU6gU4cZoTXD4UB5tQpNlQIkX224uAtDaGt8zNjx7glNJCLtCthuTjOb33MbqtifHp/kSyA=="
    }
  }
}
